
Microsoft Visual Studio Solution File, Format Version 12.00
# Visual Studio 2013
VisualStudioVersion = 12.0.40629.0
MinimumVisualStudioVersion = 10.0.40219.1
Project("{2150E333-8FDC-42A3-9474-1A3956D46DE8}") = "_Core", "_Core", "{9C5E58E9-4777-4432-8D48-EEAB7C55AD43}"
EndProject
Project("{FAE04EC0-301F-11D3-BF4B-00C04F79EFBC}") = "QrF.Core", "_Core\QrF.Core\QrF.Core.csproj", "{DA5C89C2-ABC7-4F9C-B9E8-B6265D23CDD5}"
EndProject
Project("{FAE04EC0-301F-11D3-BF4B-00C04F79EFBC}") = "QrF.Framework", "_Core\QrF.Framework\QrF.Framework.csproj", "{B84405F7-241D-4066-929C-3E8383178E60}"
EndProject
Project("{2150E333-8FDC-42A3-9474-1A3956D46DE8}") = "Account", "Account", "{465CB695-73B3-495B-85FD-502774D04C3D}"
EndProject
Project("{FAE04EC0-301F-11D3-BF4B-00C04F79EFBC}") = "QrF.Account.Contract", "Account\QrF.Account.Contract\QrF.Account.Contract.csproj", "{EE96C763-3D38-4693-B93F-B738B959388F}"
EndProject
Project("{FAE04EC0-301F-11D3-BF4B-00C04F79EFBC}") = "QrF.Account.DAL", "Account\QrF.Account.DAL\QrF.Account.DAL.csproj", "{2A580EC4-34D4-4CDF-A839-6A21FF482420}"
EndProject
Project("{FAE04EC0-301F-11D3-BF4B-00C04F79EFBC}") = "QrF.Account.BLL", "Account\QrF.Account.BLL\QrF.Account.BLL.csproj", "{CBAEA076-06A9-4CC5-9EF5-97800D4C8E32}"
EndProject
Project("{2150E333-8FDC-42A3-9474-1A3956D46DE8}") = "_Lib", "_Lib", "{0C1C9911-9D7E-4AB7-A77A-DCFC7950091E}"
	ProjectSection(SolutionItems) = preProject
		_Lib\QrF.Core.dll = _Lib\QrF.Core.dll
		_Lib\QrF.Framework.dll = _Lib\QrF.Framework.dll
	EndProjectSection
EndProject
Project("{2150E333-8FDC-42A3-9474-1A3956D46DE8}") = "Web", "Web", "{60FDDF32-D2C8-4137-BB0C-FB052544A504}"
EndProject
Project("{FAE04EC0-301F-11D3-BF4B-00C04F79EFBC}") = "QrF.Web", "Web\QrF.Web\QrF.Web.csproj", "{E36EBD57-AFB4-4447-914A-7C91471B1397}"
EndProject
Project("{FAE04EC0-301F-11D3-BF4B-00C04F79EFBC}") = "QrF.Web.Site", "Web\QrF.Web.Site\QrF.Web.Site.csproj", "{4969D4B2-0F62-40E8-814B-B8E47C2BE1A7}"
EndProject
Project("{FAE04EC0-301F-11D3-BF4B-00C04F79EFBC}") = "QrF.Web.Site.Tests", "QrF.Web.Site.Tests\QrF.Web.Site.Tests.csproj", "{0A746004-5628-408F-82AC-EDD9D6D25C1A}"
EndProject
Global
	GlobalSection(SolutionConfigurationPlatforms) = preSolution
		Debug|Any CPU = Debug|Any CPU
		Release|Any CPU = Release|Any CPU
	EndGlobalSection
	GlobalSection(ProjectConfigurationPlatforms) = postSolution
		{DA5C89C2-ABC7-4F9C-B9E8-B6265D23CDD5}.Debug|Any CPU.ActiveCfg = Debug|Any CPU
		{DA5C89C2-ABC7-4F9C-B9E8-B6265D23CDD5}.Debug|Any CPU.Build.0 = Debug|Any CPU
		{DA5C89C2-ABC7-4F9C-B9E8-B6265D23CDD5}.Release|Any CPU.ActiveCfg = Release|Any CPU
		{DA5C89C2-ABC7-4F9C-B9E8-B6265D23CDD5}.Release|Any CPU.Build.0 = Release|Any CPU
		{B84405F7-241D-4066-929C-3E8383178E60}.Debug|Any CPU.ActiveCfg = Debug|Any CPU
		{B84405F7-241D-4066-929C-3E8383178E60}.Debug|Any CPU.Build.0 = Debug|Any CPU
		{B84405F7-241D-4066-929C-3E8383178E60}.Release|Any CPU.ActiveCfg = Release|Any CPU
		{B84405F7-241D-4066-929C-3E8383178E60}.Release|Any CPU.Build.0 = Release|Any CPU
		{EE96C763-3D38-4693-B93F-B738B959388F}.Debug|Any CPU.ActiveCfg = Debug|Any CPU
		{EE96C763-3D38-4693-B93F-B738B959388F}.Debug|Any CPU.Build.0 = Debug|Any CPU
		{EE96C763-3D38-4693-B93F-B738B959388F}.Release|Any CPU.ActiveCfg = Release|Any CPU
		{EE96C763-3D38-4693-B93F-B738B959388F}.Release|Any CPU.Build.0 = Release|Any CPU
		{2A580EC4-34D4-4CDF-A839-6A21FF482420}.Debug|Any CPU.ActiveCfg = Debug|Any CPU
		{2A580EC4-34D4-4CDF-A839-6A21FF482420}.Debug|Any CPU.Build.0 = Debug|Any CPU
		{2A580EC4-34D4-4CDF-A839-6A21FF482420}.Release|Any CPU.ActiveCfg = Release|Any CPU
		{2A580EC4-34D4-4CDF-A839-6A21FF482420}.Release|Any CPU.Build.0 = Release|Any CPU
		{CBAEA076-06A9-4CC5-9EF5-97800D4C8E32}.Debug|Any CPU.ActiveCfg = Debug|Any CPU
		{CBAEA076-06A9-4CC5-9EF5-97800D4C8E32}.Debug|Any CPU.Build.0 = Debug|Any CPU
		{CBAEA076-06A9-4CC5-9EF5-97800D4C8E32}.Release|Any CPU.ActiveCfg = Release|Any CPU
		{CBAEA076-06A9-4CC5-9EF5-97800D4C8E32}.Release|Any CPU.Build.0 = Release|Any CPU
		{E36EBD57-AFB4-4447-914A-7C91471B1397}.Debug|Any CPU.ActiveCfg = Debug|Any CPU
		{E36EBD57-AFB4-4447-914A-7C91471B1397}.Debug|Any CPU.Build.0 = Debug|Any CPU
		{E36EBD57-AFB4-4447-914A-7C91471B1397}.Release|Any CPU.ActiveCfg = Release|Any CPU
		{E36EBD57-AFB4-4447-914A-7C91471B1397}.Release|Any CPU.Build.0 = Release|Any CPU
		{4969D4B2-0F62-40E8-814B-B8E47C2BE1A7}.Debug|Any CPU.ActiveCfg = Debug|Any CPU
		{4969D4B2-0F62-40E8-814B-B8E47C2BE1A7}.Debug|Any CPU.Build.0 = Debug|Any CPU
		{4969D4B2-0F62-40E8-814B-B8E47C2BE1A7}.Release|Any CPU.ActiveCfg = Release|Any CPU
		{4969D4B2-0F62-40E8-814B-B8E47C2BE1A7}.Release|Any CPU.Build.0 = Release|Any CPU
		{0A746004-5628-408F-82AC-EDD9D6D25C1A}.Debug|Any CPU.ActiveCfg = Debug|Any CPU
		{0A746004-5628-408F-82AC-EDD9D6D25C1A}.Debug|Any CPU.Build.0 = Debug|Any CPU
		{0A746004-5628-408F-82AC-EDD9D6D25C1A}.Release|Any CPU.ActiveCfg = Release|Any CPU
		{0A746004-5628-408F-82AC-EDD9D6D25C1A}.Release|Any CPU.Build.0 = Release|Any CPU
	EndGlobalSection
	GlobalSection(SolutionProperties) = preSolution
		HideSolutionNode = FALSE
	EndGlobalSection
	GlobalSection(NestedProjects) = preSolution
		{DA5C89C2-ABC7-4F9C-B9E8-B6265D23CDD5} = {9C5E58E9-4777-4432-8D48-EEAB7C55AD43}
		{B84405F7-241D-4066-929C-3E8383178E60} = {9C5E58E9-4777-4432-8D48-EEAB7C55AD43}
		{EE96C763-3D38-4693-B93F-B738B959388F} = {465CB695-73B3-495B-85FD-502774D04C3D}
		{2A580EC4-34D4-4CDF-A839-6A21FF482420} = {465CB695-73B3-495B-85FD-502774D04C3D}
		{CBAEA076-06A9-4CC5-9EF5-97800D4C8E32} = {465CB695-73B3-495B-85FD-502774D04C3D}
		{E36EBD57-AFB4-4447-914A-7C91471B1397} = {60FDDF32-D2C8-4137-BB0C-FB052544A504}
		{4969D4B2-0F62-40E8-814B-B8E47C2BE1A7} = {60FDDF32-D2C8-4137-BB0C-FB052544A504}
		{0A746004-5628-408F-82AC-EDD9D6D25C1A} = {60FDDF32-D2C8-4137-BB0C-FB052544A504}
	EndGlobalSection
EndGlobal
